
Microsoft Visual Studio Solution File, Format Version 12.00
# Visual Studio Version 17
VisualStudioVersion = 17.9.34607.119
MinimumVisualStudioVersion = 10.0.40219.1
Project("{FAE04EC0-301F-11D3-BF4B-00C04F79EFBC}") = "AmstrongNumber", "AmstrongNumber.csproj", "{BFBDB67A-6F20-4F42-8C65-04EB10B7EB47}"
EndProject
Global
	GlobalSection(SolutionConfigurationPlatforms) = preSolution
		Debug|Any CPU = Debug|Any CPU
		Release|Any CPU = Release|Any CPU
	EndGlobalSection
	GlobalSection(ProjectConfigurationPlatforms) = postSolution
		{BFBDB67A-6F20-4F42-8C65-04EB10B7EB47}.Debug|Any CPU.ActiveCfg = Debug|Any CPU
		{BFBDB67A-6F20-4F42-8C65-04EB10B7EB47}.Debug|Any CPU.Build.0 = Debug|Any CPU
		{BFBDB67A-6F20-4F42-8C65-04EB10B7EB47}.Release|Any CPU.ActiveCfg = Release|Any CPU
		{BFBDB67A-6F20-4F42-8C65-04EB10B7EB47}.Release|Any CPU.Build.0 = Release|Any CPU
	EndGlobalSection
	GlobalSection(SolutionProperties) = preSolution
		HideSolutionNode = FALSE
	EndGlobalSection
	GlobalSection(ExtensibilityGlobals) = postSolution
		SolutionGuid = {44A5A55C-9679-46E7-909E-3A55088072AA}
	EndGlobalSection
EndGlobal
